
Microsoft Visual Studio Solution File, Format Version 12.00
# Visual Studio Version 16
VisualStudioVersion = 16.0.30621.155
MinimumVisualStudioVersion = 10.0.40219.1
Project("{FAE04EC0-301F-11D3-BF4B-00C04F79EFBC}") = "AracKiralama", "AracKiralama.csproj", "{F4DD5CD1-817A-417A-AB5F-40C51FF56A4C}"
EndProject
Global
	GlobalSection(SolutionConfigurationPlatforms) = preSolution
		Debug|Any CPU = Debug|Any CPU
		Release|Any CPU = Release|Any CPU
	EndGlobalSection
	GlobalSection(ProjectConfigurationPlatforms) = postSolution
		{F4DD5CD1-817A-417A-AB5F-40C51FF56A4C}.Debug|Any CPU.ActiveCfg = Debug|Any CPU
		{F4DD5CD1-817A-417A-AB5F-40C51FF56A4C}.Debug|Any CPU.Build.0 = Debug|Any CPU
		{F4DD5CD1-817A-417A-AB5F-40C51FF56A4C}.Release|Any CPU.ActiveCfg = Release|Any CPU
		{F4DD5CD1-817A-417A-AB5F-40C51FF56A4C}.Release|Any CPU.Build.0 = Release|Any CPU
	EndGlobalSection
	GlobalSection(SolutionProperties) = preSolution
		HideSolutionNode = FALSE
	EndGlobalSection
	GlobalSection(ExtensibilityGlobals) = postSolution
		SolutionGuid = {2172BA6D-08F9-4E35-907C-953B7477F45B}
	EndGlobalSection
EndGlobal
